
Microsoft Visual Studio Solution File, Format Version 12.00
# Visual Studio Version 17
VisualStudioVersion = 17.2.32630.192
MinimumVisualStudioVersion = 10.0.40219.1
Project("{8BC9CEB8-8B4A-11D0-8D11-00A0C91BC942}") = "4.4_Char-For-Loop Modified", "4.4_Char-For-Loop Modified\4.4_Char-For-Loop Modified.vcxproj", "{84A44881-AE8F-4558-BB5A-8B21084C4C8F}"
EndProject
Global
	GlobalSection(SolutionConfigurationPlatforms) = preSolution
		Debug|x64 = Debug|x64
		Debug|x86 = Debug|x86
		Release|x64 = Release|x64
		Release|x86 = Release|x86
	EndGlobalSection
	GlobalSection(ProjectConfigurationPlatforms) = postSolution
		{84A44881-AE8F-4558-BB5A-8B21084C4C8F}.Debug|x64.ActiveCfg = Debug|x64
		{84A44881-AE8F-4558-BB5A-8B21084C4C8F}.Debug|x64.Build.0 = Debug|x64
		{84A44881-AE8F-4558-BB5A-8B21084C4C8F}.Debug|x86.ActiveCfg = Debug|Win32
		{84A44881-AE8F-4558-BB5A-8B21084C4C8F}.Debug|x86.Build.0 = Debug|Win32
		{84A44881-AE8F-4558-BB5A-8B21084C4C8F}.Release|x64.ActiveCfg = Release|x64
		{84A44881-AE8F-4558-BB5A-8B21084C4C8F}.Release|x64.Build.0 = Release|x64
		{84A44881-AE8F-4558-BB5A-8B21084C4C8F}.Release|x86.ActiveCfg = Release|Win32
		{84A44881-AE8F-4558-BB5A-8B21084C4C8F}.Release|x86.Build.0 = Release|Win32
	EndGlobalSection
	GlobalSection(SolutionProperties) = preSolution
		HideSolutionNode = FALSE
	EndGlobalSection
	GlobalSection(ExtensibilityGlobals) = postSolution
		SolutionGuid = {C37E09EA-8C50-4987-8C4E-288C4785AC3E}
	EndGlobalSection
EndGlobal
